
Microsoft Visual Studio Solution File, Format Version 12.00
# Visual Studio 15
VisualStudioVersion = 15.0.27130.2027
MinimumVisualStudioVersion = 10.0.40219.1
Project("{2150E333-8FDC-42A3-9474-1A3956D46DE8}") = "src", "src", "{C0459CD6-0305-4671-BA3C-66A391F6D47C}"
EndProject
Project("{9A19103F-16F7-4668-BE54-9A1E7A4F7556}") = "WebSub.AspNetCore.WebHooks.Receivers.Subscriber", "src\WebSub.AspNetCore.WebHooks.Receivers.Subscriber\WebSub.AspNetCore.WebHooks.Receivers.Subscriber.csproj", "{0871A2E5-D032-41FF-99BE-71BB7715667C}"
EndProject
Project("{2150E333-8FDC-42A3-9474-1A3956D46DE8}") = "samples", "samples", "{E9DE4F00-A9FE-416D-9C86-419EF0C0B9E1}"
EndProject
Project("{9A19103F-16F7-4668-BE54-9A1E7A4F7556}") = "Demo.AspNetCore.WebSub.Subscriber", "samples\Demo.AspNetCore.WebSub.Subscriber\Demo.AspNetCore.WebSub.Subscriber.csproj", "{EE496B1B-00B2-48EA-ACF7-002DCCBCE16B}"
EndProject
Project("{9A19103F-16F7-4668-BE54-9A1E7A4F7556}") = "WebSub.Net.Http.Subscriber", "src\WebSub.Net.Http.Subscriber\WebSub.Net.Http.Subscriber.csproj", "{6BB4E937-3FB2-4DCF-AA19-56757231A872}"
EndProject
Project("{2150E333-8FDC-42A3-9474-1A3956D46DE8}") = "test", "test", "{3F3D32A7-4559-4FFC-895A-63B2B85C6909}"
EndProject
Project("{9A19103F-16F7-4668-BE54-9A1E7A4F7556}") = "Test.WebSub.Net.Http.Subscriber", "test\Test.WebSub.Net.Http.Subscriber\Test.WebSub.Net.Http.Subscriber.csproj", "{EFC944C4-6195-43D2-89B3-F24AAFBF403D}"
EndProject
Project("{9A19103F-16F7-4668-BE54-9A1E7A4F7556}") = "WebSub.AspNetCore.Services.Abstractions", "src\WebSub.AspNetCore.Services.Abstractions\WebSub.AspNetCore.Services.Abstractions.csproj", "{AF4B4EC1-BD2D-4E5A-93DD-44C889699872}"
EndProject
Project("{FAE04EC0-301F-11D3-BF4B-00C04F79EFBC}") = "Test.WebSub.AspNetCore.WebHooks.Receivers.Subscriber", "test\Test.WebSub.AspNetCore.WebHooks.Receivers.Subscriber\Test.WebSub.AspNetCore.WebHooks.Receivers.Subscriber.csproj", "{EB76A23D-391A-4763-B762-45014F4A5C26}"
EndProject
Global
	GlobalSection(SolutionConfigurationPlatforms) = preSolution
		Debug|Any CPU = Debug|Any CPU
		Release|Any CPU = Release|Any CPU
	EndGlobalSection
	GlobalSection(ProjectConfigurationPlatforms) = postSolution
		{0871A2E5-D032-41FF-99BE-71BB7715667C}.Debug|Any CPU.ActiveCfg = Debug|Any CPU
		{0871A2E5-D032-41FF-99BE-71BB7715667C}.Debug|Any CPU.Build.0 = Debug|Any CPU
		{0871A2E5-D032-41FF-99BE-71BB7715667C}.Release|Any CPU.ActiveCfg = Release|Any CPU
		{0871A2E5-D032-41FF-99BE-71BB7715667C}.Release|Any CPU.Build.0 = Release|Any CPU
		{EE496B1B-00B2-48EA-ACF7-002DCCBCE16B}.Debug|Any CPU.ActiveCfg = Debug|Any CPU
		{EE496B1B-00B2-48EA-ACF7-002DCCBCE16B}.Debug|Any CPU.Build.0 = Debug|Any CPU
		{EE496B1B-00B2-48EA-ACF7-002DCCBCE16B}.Release|Any CPU.ActiveCfg = Release|Any CPU
		{EE496B1B-00B2-48EA-ACF7-002DCCBCE16B}.Release|Any CPU.Build.0 = Release|Any CPU
		{6BB4E937-3FB2-4DCF-AA19-56757231A872}.Debug|Any CPU.ActiveCfg = Debug|Any CPU
		{6BB4E937-3FB2-4DCF-AA19-56757231A872}.Debug|Any CPU.Build.0 = Debug|Any CPU
		{6BB4E937-3FB2-4DCF-AA19-56757231A872}.Release|Any CPU.ActiveCfg = Release|Any CPU
		{6BB4E937-3FB2-4DCF-AA19-56757231A872}.Release|Any CPU.Build.0 = Release|Any CPU
		{EFC944C4-6195-43D2-89B3-F24AAFBF403D}.Debug|Any CPU.ActiveCfg = Debug|Any CPU
		{EFC944C4-6195-43D2-89B3-F24AAFBF403D}.Debug|Any CPU.Build.0 = Debug|Any CPU
		{EFC944C4-6195-43D2-89B3-F24AAFBF403D}.Release|Any CPU.ActiveCfg = Release|Any CPU
		{EFC944C4-6195-43D2-89B3-F24AAFBF403D}.Release|Any CPU.Build.0 = Release|Any CPU
		{AF4B4EC1-BD2D-4E5A-93DD-44C889699872}.Debug|Any CPU.ActiveCfg = Debug|Any CPU
		{AF4B4EC1-BD2D-4E5A-93DD-44C889699872}.Debug|Any CPU.Build.0 = Debug|Any CPU
		{AF4B4EC1-BD2D-4E5A-93DD-44C889699872}.Release|Any CPU.ActiveCfg = Release|Any CPU
		{AF4B4EC1-BD2D-4E5A-93DD-44C889699872}.Release|Any CPU.Build.0 = Release|Any CPU
		{EB76A23D-391A-4763-B762-45014F4A5C26}.Debug|Any CPU.ActiveCfg = Debug|Any CPU
		{EB76A23D-391A-4763-B762-45014F4A5C26}.Debug|Any CPU.Build.0 = Debug|Any CPU
		{EB76A23D-391A-4763-B762-45014F4A5C26}.Release|Any CPU.ActiveCfg = Release|Any CPU
		{EB76A23D-391A-4763-B762-45014F4A5C26}.Release|Any CPU.Build.0 = Release|Any CPU
	EndGlobalSection
	GlobalSection(SolutionProperties) = preSolution
		HideSolutionNode = FALSE
	EndGlobalSection
	GlobalSection(NestedProjects) = preSolution
		{0871A2E5-D032-41FF-99BE-71BB7715667C} = {C0459CD6-0305-4671-BA3C-66A391F6D47C}
		{EE496B1B-00B2-48EA-ACF7-002DCCBCE16B} = {E9DE4F00-A9FE-416D-9C86-419EF0C0B9E1}
		{6BB4E937-3FB2-4DCF-AA19-56757231A872} = {C0459CD6-0305-4671-BA3C-66A391F6D47C}
		{EFC944C4-6195-43D2-89B3-F24AAFBF403D} = {3F3D32A7-4559-4FFC-895A-63B2B85C6909}
		{AF4B4EC1-BD2D-4E5A-93DD-44C889699872} = {C0459CD6-0305-4671-BA3C-66A391F6D47C}
		{EB76A23D-391A-4763-B762-45014F4A5C26} = {3F3D32A7-4559-4FFC-895A-63B2B85C6909}
	EndGlobalSection
	GlobalSection(ExtensibilityGlobals) = postSolution
		SolutionGuid = {F3CB0910-00C8-439B-8A1D-E7C4F7DD0190}
	EndGlobalSection
EndGlobal
